// !$*UTF8*$!
{
	archiveVersion = 1;
	classes = {
	};
	objectVersion = 56;
	objects = {

/* Begin PBXBuildFile section */
		A54D833F2C8218B40032EAEB /* Tabbar.swift in Sources */ = {isa = PBXBuildFile; fileRef = A54D833E2C8218B40032EAEB /* Tabbar.swift */; };
		A55F43702C7D253900324BF6 /* AppDelegate.swift in Sources */ = {isa = PBXBuildFile; fileRef = A55F436F2C7D253900324BF6 /* AppDelegate.swift */; };
		A55F43722C7D253900324BF6 /* SceneDelegate.swift in Sources */ = {isa = PBXBuildFile; fileRef = A55F43712C7D253900324BF6 /* SceneDelegate.swift */; };
		A55F43742C7D253900324BF6 /* ViewController.swift in Sources */ = {isa = PBXBuildFile; fileRef = A55F43732C7D253900324BF6 /* ViewController.swift */; };
		A55F43772C7D253900324BF6 /* Base in Resources */ = {isa = PBXBuildFile; fileRef = A55F43762C7D253900324BF6 /* Base */; };
		A55F43792C7D253B00324BF6 /* Assets.xcassets in Resources */ = {isa = PBXBuildFile; fileRef = A55F43782C7D253B00324BF6 /* Assets.xcassets */; };
		A55F437C2C7D253B00324BF6 /* Base in Resources */ = {isa = PBXBuildFile; fileRef = A55F437B2C7D253B00324BF6 /* Base */; };
		A55F43872C7D253B00324BF6 /* IOS_designTests.swift in Sources */ = {isa = PBXBuildFile; fileRef = A55F43862C7D253B00324BF6 /* IOS_designTests.swift */; };
		A55F43912C7D253B00324BF6 /* IOS_designUITests.swift in Sources */ = {isa = PBXBuildFile; fileRef = A55F43902C7D253B00324BF6 /* IOS_designUITests.swift */; };
		A55F43932C7D253B00324BF6 /* IOS_designUITestsLaunchTests.swift in Sources */ = {isa = PBXBuildFile; fileRef = A55F43922C7D253B00324BF6 /* IOS_designUITestsLaunchTests.swift */; };
/* End PBXBuildFile section */

/* Begin PBXContainerItemProxy section */
		A55F43832C7D253B00324BF6 /* PBXContainerItemProxy */ = {
			isa = PBXContainerItemProxy;
			containerPortal = A55F43642C7D253900324BF6 /* Project object */;
			proxyType = 1;
			remoteGlobalIDString = A55F436B2C7D253900324BF6;
			remoteInfo = "IOS-design";
		};
		A55F438D2C7D253B00324BF6 /* PBXContainerItemProxy */ = {
			isa = PBXContainerItemProxy;
			containerPortal = A55F43642C7D253900324BF6 /* Project object */;
			proxyType = 1;
			remoteGlobalIDString = A55F436B2C7D253900324BF6;
			remoteInfo = "IOS-design";
		};
/* End PBXContainerItemProxy section */

/* Begin PBXFileReference section */
		A54D833E2C8218B40032EAEB /* Tabbar.swift */ = {isa = PBXFileReference; lastKnownFileType = sourcecode.swift; path = Tabbar.swift; sourceTree = "<group>"; };
		A55F436C2C7D253900324BF6 /* IOS-design.app */ = {isa = PBXFileReference; explicitFileType = wrapper.application; includeInIndex = 0; path = "IOS-design.app"; sourceTree = BUILT_PRODUCTS_DIR; };
		A55F436F2C7D253900324BF6 /* AppDelegate.swift */ = {isa = PBXFileReference; lastKnownFileType = sourcecode.swift; path = AppDelegate.swift; sourceTree = "<group>"; };
		A55F43712C7D253900324BF6 /* SceneDelegate.swift */ = {isa = PBXFileReference; lastKnownFileType = sourcecode.swift; path = SceneDelegate.swift; sourceTree = "<group>"; };
		A55F43732C7D253900324BF6 /* ViewController.swift */ = {isa = PBXFileReference; lastKnownFileType = sourcecode.swift; path = ViewController.swift; sourceTree = "<group>"; };
		A55F43762C7D253900324BF6 /* Base */ = {isa = PBXFileReference; lastKnownFileType = file.storyboard; name = Base; path = Base.lproj/Main.storyboard; sourceTree = "<group>"; };
		A55F43782C7D253B00324BF6 /* Assets.xcassets */ = {isa = PBXFileReference; lastKnownFileType = folder.assetcatalog; path = Assets.xcassets; sourceTree = "<group>"; };
		A55F437B2C7D253B00324BF6 /* Base */ = {isa = PBXFileReference; lastKnownFileType = file.storyboard; name = Base; path = Base.lproj/LaunchScreen.storyboard; sourceTree = "<group>"; };
		A55F437D2C7D253B00324BF6 /* Info.plist */ = {isa = PBXFileReference; lastKnownFileType = text.plist.xml; path = Info.plist; sourceTree = "<group>"; };
		A55F43822C7D253B00324BF6 /* IOS-designTests.xctest */ = {isa = PBXFileReference; explicitFileType = wrapper.cfbundle; includeInIndex = 0; path = "IOS-designTests.xctest"; sourceTree = BUILT_PRODUCTS_DIR; };
		A55F43862C7D253B00324BF6 /* IOS_designTests.swift */ = {isa = PBXFileReference; lastKnownFileType = sourcecode.swift; path = IOS_designTests.swift; sourceTree = "<group>"; };
		A55F438C2C7D253B00324BF6 /* IOS-designUITests.xctest */ = {isa = PBXFileReference; explicitFileType = wrapper.cfbundle; includeInIndex = 0; path = "IOS-designUITests.xctest"; sourceTree = BUILT_PRODUCTS_DIR; };
		A55F43902C7D253B00324BF6 /* IOS_designUITests.swift */ = {isa = PBXFileReference; lastKnownFileType = sourcecode.swift; path = IOS_designUITests.swift; sourceTree = "<group>"; };
		A55F43922C7D253B00324BF6 /* IOS_designUITestsLaunchTests.swift */ = {isa = PBXFileReference; lastKnownFileType = sourcecode.swift; path = IOS_designUITestsLaunchTests.swift; sourceTree = "<group>"; };
/* End PBXFileReference section */

/* Begin PBXFrameworksBuildPhase section */
		A55F43692C7D253900324BF6 /* Frameworks */ = {
			isa = PBXFrameworksBuildPhase;
			buildActionMask = 2147483647;
			files = (
			);
			runOnlyForDeploymentPostprocessing = 0;
		};
		A55F437F2C7D253B00324BF6 /* Frameworks */ = {
			isa = PBXFrameworksBuildPhase;
			buildActionMask = 2147483647;
			files = (
			);
			runOnlyForDeploymentPostprocessing = 0;
		};
		A55F43892C7D253B00324BF6 /* Frameworks */ = {
			isa = PBXFrameworksBuildPhase;
			buildActionMask = 2147483647;
			files = (
			);
			runOnlyForDeploymentPostprocessing = 0;
		};
/* End PBXFrameworksBuildPhase section */

/* Begin PBXGroup section */
		A55F43632C7D253900324BF6 = {
			isa = PBXGroup;
			children = (
				A55F436E2C7D253900324BF6 /* IOS-design */,
				A55F43852C7D253B00324BF6 /* IOS-designTests */,
				A55F438F2C7D253B00324BF6 /* IOS-designUITests */,
				A55F436D2C7D253900324BF6 /* Products */,
			);
			sourceTree = "<group>";
		};
		A55F436D2C7D253900324BF6 /* Products */ = {
			isa = PBXGroup;
			children = (
				A55F436C2C7D253900324BF6 /* IOS-design.app */,
				A55F43822C7D253B00324BF6 /* IOS-designTests.xctest */,
				A55F438C2C7D253B00324BF6 /* IOS-designUITests.xctest */,
			);
			name = Products;
			sourceTree = "<group>";
		};
		A55F436E2C7D253900324BF6 /* IOS-design */ = {
			isa = PBXGroup;
			children = (
				A55F436F2C7D253900324BF6 /* AppDelegate.swift */,
				A55F43712C7D253900324BF6 /* SceneDelegate.swift */,
				A55F43732C7D253900324BF6 /* ViewController.swift */,
				A55F43752C7D253900324BF6 /* Main.storyboard */,
				A55F43782C7D253B00324BF6 /* Assets.xcassets */,
				A55F437A2C7D253B00324BF6 /* LaunchScreen.storyboard */,
				A55F437D2C7D253B00324BF6 /* Info.plist */,
				A54D833E2C8218B40032EAEB /* Tabbar.swift */,
			);
			path = "IOS-design";
			sourceTree = "<group>";
		};
		A55F43852C7D253B00324BF6 /* IOS-designTests */ = {
			isa = PBXGroup;
			children = (
				A55F43862C7D253B00324BF6 /* IOS_designTests.swift */,
			);
			path = "IOS-designTests";
			sourceTree = "<group>";
		};
		A55F438F2C7D253B00324BF6 /* IOS-designUITests */ = {
			isa = PBXGroup;
			children = (
				A55F43902C7D253B00324BF6 /* IOS_designUITests.swift */,
				A55F43922C7D253B00324BF6 /* IOS_designUITestsLaunchTests.swift */,
			);
			path = "IOS-designUITests";
			sourceTree = "<group>";
		};
/* End PBXGroup section */

/* Begin PBXNativeTarget section */
		A55F436B2C7D253900324BF6 /* IOS-design */ = {
			isa = PBXNativeTarget;
			buildConfigurationList = A55F43962C7D253B00324BF6 /* Build configuration list for PBXNativeTarget "IOS-design" */;
			buildPhases = (
				A55F43682C7D253900324BF6 /* Sources */,
				A55F43692C7D253900324BF6 /* Frameworks */,
				A55F436A2C7D253900324BF6 /* Resources */,
			);
			buildRules = (
			);
			dependencies = (
			);
			name = "IOS-design";
			productName = "IOS-design";
			productReference = A55F436C2C7D253900324BF6 /* IOS-design.app */;
			productType = "com.apple.product-type.application";
		};
		A55F43812C7D253B00324BF6 /* IOS-designTests */ = {
			isa = PBXNativeTarget;
			buildConfigurationList = A55F43992C7D253B00324BF6 /* Build configuration list for PBXNativeTarget "IOS-designTests" */;
			buildPhases = (
				A55F437E2C7D253B00324BF6 /* Sources */,
				A55F437F2C7D253B00324BF6 /* Frameworks */,
				A55F43802C7D253B00324BF6 /* Resources */,
			);
			buildRules = (
			);
			dependencies = (
				A55F43842C7D253B00324BF6 /* PBXTargetDependency */,
			);
			name = "IOS-designTests";
			productName = "IOS-designTests";
			productReference = A55F43822C7D253B00324BF6 /* IOS-designTests.xctest */;
			productType = "com.apple.product-type.bundle.unit-test";
		};
		A55F438B2C7D253B00324BF6 /* IOS-designUITests */ = {
			isa = PBXNativeTarget;
			buildConfigurationList = A55F439C2C7D253B00324BF6 /* Build configuration list for PBXNativeTarget "IOS-designUITests" */;
			buildPhases = (
				A55F43882C7D253B00324BF6 /* Sources */,
				A55F43892C7D253B00324BF6 /* Frameworks */,
				A55F438A2C7D253B00324BF6 /* Resources */,
			);
			buildRules = (
			);
			dependencies = (
				A55F438E2C7D253B00324BF6 /* PBXTargetDependency */,
			);
			name = "IOS-designUITests";
			productName = "IOS-designUITests";
			productReference = A55F438C2C7D253B00324BF6 /* IOS-designUITests.xctest */;
			productType = "com.apple.product-type.bundle.ui-testing";
		};
/* End PBXNativeTarget section */

/* Begin PBXProject section */
		A55F43642C7D253900324BF6 /* Project object */ = {
			isa = PBXProject;
			attributes = {
				BuildIndependentTargetsInParallel = 1;
				LastSwiftUpdateCheck = 1540;
				LastUpgradeCheck = 1540;
				TargetAttributes = {
					A55F436B2C7D253900324BF6 = {
						CreatedOnToolsVersion = 15.4;
					};
					A55F43812C7D253B00324BF6 = {
						CreatedOnToolsVersion = 15.4;
						TestTargetID = A55F436B2C7D253900324BF6;
					};
					A55F438B2C7D253B00324BF6 = {
						CreatedOnToolsVersion = 15.4;
						TestTargetID = A55F436B2C7D253900324BF6;
					};
				};
			};
			buildConfigurationList = A55F43672C7D253900324BF6 /* Build configuration list for PBXProject "IOS-design" */;
			compatibilityVersion = "Xcode 14.0";
			developmentRegion = en;
			hasScannedForEncodings = 0;
			knownRegions = (
				en,
				Base,
			);
			mainGroup = A55F43632C7D253900324BF6;
			productRefGroup = A55F436D2C7D253900324BF6 /* Products */;
			projectDirPath = "";
			projectRoot = "";
			targets = (
				A55F436B2C7D253900324BF6 /* IOS-design */,
				A55F43812C7D253B00324BF6 /* IOS-designTests */,
				A55F438B2C7D253B00324BF6 /* IOS-designUITests */,
			);
		};
/* End PBXProject section */

/* Begin PBXResourcesBuildPhase section */
		A55F436A2C7D253900324BF6 /* Resources */ = {
			isa = PBXResourcesBuildPhase;
			buildActionMask = 2147483647;
			files = (
				A55F43792C7D253B00324BF6 /* Assets.xcassets in Resources */,
				A55F437C2C7D253B00324BF6 /* Base in Resources */,
				A55F43772C7D253900324BF6 /* Base in Resources */,
			);
			runOnlyForDeploymentPostprocessing = 0;
		};
		A55F43802C7D253B00324BF6 /* Resources */ = {
			isa = PBXResourcesBuildPhase;
			buildActionMask = 2147483647;
			files = (
			);
			runOnlyForDeploymentPostprocessing = 0;
		};
		A55F438A2C7D253B00324BF6 /* Resources */ = {
			isa = PBXResourcesBuildPhase;
			buildActionMask = 2147483647;
			files = (
			);
			runOnlyForDeploymentPostprocessing = 0;
		};
/* End PBXResourcesBuildPhase section */

/* Begin PBXSourcesBuildPhase section */
		A55F43682C7D253900324BF6 /* Sources */ = {
			isa = PBXSourcesBuildPhase;
			buildActionMask = 2147483647;
			files = (
				A55F43742C7D253900324BF6 /* ViewController.swift in Sources */,
				A54D833F2C8218B40032EAEB /* Tabbar.swift in Sources */,
				A55F43702C7D253900324BF6 /* AppDelegate.swift in Sources */,
				A55F43722C7D253900324BF6 /* SceneDelegate.swift in Sources */,
			);
			runOnlyForDeploymentPostprocessing = 0;
		};
		A55F437E2C7D253B00324BF6 /* Sources */ = {
			isa = PBXSourcesBuildPhase;
			buildActionMask = 2147483647;
			files = (
				A55F43872C7D253B00324BF6 /* IOS_designTests.swift in Sources */,
			);
			runOnlyForDeploymentPostprocessing = 0;
		};
		A55F43882C7D253B00324BF6 /* Sources */ = {
			isa = PBXSourcesBuildPhase;
			buildActionMask = 2147483647;
			files = (
				A55F43932C7D253B00324BF6 /* IOS_designUITestsLaunchTests.swift in Sources */,
				A55F43912C7D253B00324BF6 /* IOS_designUITests.swift in Sources */,
			);
			runOnlyForDeploymentPostprocessing = 0;
		};
/* End PBXSourcesBuildPhase section */

/* Begin PBXTargetDependency section */
		A55F43842C7D253B00324BF6 /* PBXTargetDependency */ = {
			isa = PBXTargetDependency;
			target = A55F436B2C7D253900324BF6 /* IOS-design */;
			targetProxy = A55F43832C7D253B00324BF6 /* PBXContainerItemProxy */;
		};
		A55F438E2C7D253B00324BF6 /* PBXTargetDependency */ = {
			isa = PBXTargetDependency;
			target = A55F436B2C7D253900324BF6 /* IOS-design */;
			targetProxy = A55F438D2C7D253B00324BF6 /* PBXContainerItemProxy */;
		};
/* End PBXTargetDependency section */

/* Begin PBXVariantGroup section */
		A55F43752C7D253900324BF6 /* Main.storyboard */ = {
			isa = PBXVariantGroup;
			children = (
				A55F43762C7D253900324BF6 /* Base */,
			);
			name = Main.storyboard;
			sourceTree = "<group>";
		};
		A55F437A2C7D253B00324BF6 /* LaunchScreen.storyboard */ = {
			isa = PBXVariantGroup;
			children = (
				A55F437B2C7D253B00324BF6 /* Base */,
			);
			name = LaunchScreen.storyboard;
			sourceTree = "<group>";
		};
/* End PBXVariantGroup section */

/* Begin XCBuildConfiguration section */
		A55F43942C7D253B00324BF6 /* Debug */ = {
			isa = XCBuildConfiguration;
			buildSettings = {
				ALWAYS_SEARCH_USER_PATHS = NO;
				ASSETCATALOG_COMPILER_GENERATE_SWIFT_ASSET_SYMBOL_EXTENSIONS = YES;
				CLANG_ANALYZER_NONNULL = YES;
				CLANG_ANALYZER_NUMBER_OBJECT_CONVERSION = YES_AGGRESSIVE;
				CLANG_CXX_LANGUAGE_STANDARD = "gnu++20";
				CLANG_ENABLE_MODULES = YES;
				CLANG_ENABLE_OBJC_ARC = YES;
				CLANG_ENABLE_OBJC_WEAK = YES;
				CLANG_WARN_BLOCK_CAPTURE_AUTORELEASING = YES;
				CLANG_WARN_BOOL_CONVERSION = YES;
				CLANG_WARN_COMMA = YES;
				CLANG_WARN_CONSTANT_CONVERSION = YES;
				CLANG_WARN_DEPRECATED_OBJC_IMPLEMENTATIONS = YES;
				CLANG_WARN_DIRECT_OBJC_ISA_USAGE = YES_ERROR;
				CLANG_WARN_DOCUMENTATION_COMMENTS = YES;
				CLANG_WARN_EMPTY_BODY = YES;
				CLANG_WARN_ENUM_CONVERSION = YES;
				CLANG_WARN_INFINITE_RECURSION = YES;
				CLANG_WARN_INT_CONVERSION = YES;
				CLANG_WARN_NON_LITERAL_NULL_CONVERSION = YES;
				CLANG_WARN_OBJC_IMPLICIT_RETAIN_SELF = YES;
				CLANG_WARN_OBJC_LITERAL_CONVERSION = YES;
				CLANG_WARN_OBJC_ROOT_CLASS = YES_ERROR;
				CLANG_WARN_QUOTED_INCLUDE_IN_FRAMEWORK_HEADER = YES;
				CLANG_WARN_RANGE_LOOP_ANALYSIS = YES;
				CLANG_WARN_STRICT_PROTOTYPES = YES;
				CLANG_WARN_SUSPICIOUS_MOVE = YES;
				CLANG_WARN_UNGUARDED_AVAILABILITY = YES_AGGRESSIVE;
				CLANG_WARN_UNREACHABLE_CODE = YES;
				CLANG_WARN__DUPLICATE_METHOD_MATCH = YES;
				COPY_PHASE_STRIP = NO;
				DEBUG_INFORMATION_FORMAT = dwarf;
				ENABLE_STRICT_OBJC_MSGSEND = YES;
				ENABLE_TESTABILITY = YES;
				ENABLE_USER_SCRIPT_SANDBOXING = YES;
				GCC_C_LANGUAGE_STANDARD = gnu17;
				GCC_DYNAMIC_NO_PIC = NO;
				GCC_NO_COMMON_BLOCKS = YES;
				GCC_OPTIMIZATION_LEVEL = 0;
				GCC_PREPROCESSOR_DEFINITIONS = (
					"DEBUG=1",
					"$(inherited)",
				);
				GCC_WARN_64_TO_32_BIT_CONVERSION = YES;
				GCC_WARN_ABOUT_RETURN_TYPE = YES_ERROR;
				GCC_WARN_UNDECLARED_SELECTOR = YES;
				GCC_WARN_UNINITIALIZED_AUTOS = YES_AGGRESSIVE;
				GCC_WARN_UNUSED_FUNCTION = YES;
				GCC_WARN_UNUSED_VARIABLE = YES;
				IPHONEOS_DEPLOYMENT_TARGET = 17.5;
				LOCALIZATION_PREFERS_STRING_CATALOGS = YES;
				MTL_ENABLE_DEBUG_INFO = INCLUDE_SOURCE;
				MTL_FAST_MATH = YES;
				ONLY_ACTIVE_ARCH = YES;
				SDKROOT = iphoneos;
				SWIFT_ACTIVE_COMPILATION_CONDITIONS = "DEBUG $(inherited)";
				SWIFT_OPTIMIZATION_LEVEL = "-Onone";
			};
			name = Debug;
		};
		A55F43952C7D253B00324BF6 /* Release */ = {
			isa = XCBuildConfiguration;
			buildSettings = {
				ALWAYS_SEARCH_USER_PATHS = NO;
				ASSETCATALOG_COMPILER_GENERATE_SWIFT_ASSET_SYMBOL_EXTENSIONS = YES;
				CLANG_ANALYZER_NONNULL = YES;
				CLANG_ANALYZER_NUMBER_OBJECT_CONVERSION = YES_AGGRESSIVE;
				CLANG_CXX_LANGUAGE_STANDARD = "gnu++20";
				CLANG_ENABLE_MODULES = YES;
				CLANG_ENABLE_OBJC_ARC = YES;
				CLANG_ENABLE_OBJC_WEAK = YES;
				CLANG_WARN_BLOCK_CAPTURE_AUTORELEASING = YES;
				CLANG_WARN_BOOL_CONVERSION = YES;
				CLANG_WARN_COMMA = YES;
				CLANG_WARN_CONSTANT_CONVERSION = YES;
				CLANG_WARN_DEPRECATED_OBJC_IMPLEMENTATIONS = YES;
				CLANG_WARN_DIRECT_OBJC_ISA_USAGE = YES_ERROR;
				CLANG_WARN_DOCUMENTATION_COMMENTS = YES;
				CLANG_WARN_EMPTY_BODY = YES;
				CLANG_WARN_ENUM_CONVERSION = YES;
				CLANG_WARN_INFINITE_RECURSION = YES;
				CLANG_WARN_INT_CONVERSION = YES;
				CLANG_WARN_NON_LITERAL_NULL_CONVERSION = YES;
				CLANG_WARN_OBJC_IMPLICIT_RETAIN_SELF = YES;
				CLANG_WARN_OBJC_LITERAL_CONVERSION = YES;
				CLANG_WARN_OBJC_ROOT_CLASS = YES_ERROR;
				CLANG_WARN_QUOTED_INCLUDE_IN_FRAMEWORK_HEADER = YES;
				CLANG_WARN_RANGE_LOOP_ANALYSIS = YES;
				CLANG_WARN_STRICT_PROTOTYPES = YES;
				CLANG_WARN_SUSPICIOUS_MOVE = YES;
				CLANG_WARN_UNGUARDED_AVAILABILITY = YES_AGGRESSIVE;
				CLANG_WARN_UNREACHABLE_CODE = YES;
				CLANG_WARN__DUPLICATE_METHOD_MATCH = YES;
				COPY_PHASE_STRIP = NO;
				DEBUG_INFORMATION_FORMAT = "dwarf-with-dsym";
				ENABLE_NS_ASSERTIONS = NO;
				ENABLE_STRICT_OBJC_MSGSEND = YES;
				ENABLE_USER_SCRIPT_SANDBOXING = YES;
				GCC_C_LANGUAGE_STANDARD = gnu17;
				GCC_NO_COMMON_BLOCKS = YES;
				GCC_WARN_64_TO_32_BIT_CONVERSION = YES;
				GCC_WARN_ABOUT_RETURN_TYPE = YES_ERROR;
				GCC_WARN_UNDECLARED_SELECTOR = YES;
				GCC_WARN_UNINITIALIZED_AUTOS = YES_AGGRESSIVE;
				GCC_WARN_UNUSED_FUNCTION = YES;
				GCC_WARN_UNUSED_VARIABLE = YES;
				IPHONEOS_DEPLOYMENT_TARGET = 17.5;
				LOCALIZATION_PREFERS_STRING_CATALOGS = YES;
				MTL_ENABLE_DEBUG_INFO = NO;
				MTL_FAST_MATH = YES;
				SDKROOT = iphoneos;
				SWIFT_COMPILATION_MODE = wholemodule;
				VALIDATE_PRODUCT = YES;
			};
			name = Release;
		};
		A55F43972C7D253B00324BF6 /* Debug */ = {
			isa = XCBuildConfiguration;
			buildSettings = {
				ASSETCATALOG_COMPILER_APPICON_NAME = AppIcon;
				ASSETCATALOG_COMPILER_GLOBAL_ACCENT_COLOR_NAME = AccentColor;
				CODE_SIGN_STYLE = Automatic;
				CURRENT_PROJECT_VERSION = 1;
				GENERATE_INFOPLIST_FILE = YES;
				INFOPLIST_FILE = "IOS-design/Info.plist";
				INFOPLIST_KEY_UIApplicationSupportsIndirectInputEvents = YES;
				INFOPLIST_KEY_UILaunchStoryboardName = LaunchScreen;
				INFOPLIST_KEY_UIMainStoryboardFile = Main;
				INFOPLIST_KEY_UISupportedInterfaceOrientations_iPad = "UIInterfaceOrientationPortrait UIInterfaceOrientationPortraitUpsideDown UIInterfaceOrientationLandscapeLeft UIInterfaceOrientationLandscapeRight";
				INFOPLIST_KEY_UISupportedInterfaceOrientations_iPhone = "UIInterfaceOrientationPortrait UIInterfaceOrientationLandscapeLeft UIInterfaceOrientationLandscapeRight";
				LD_RUNPATH_SEARCH_PATHS = (
					"$(inherited)",
					"@executable_path/Frameworks",
				);
				MARKETING_VERSION = 1.0;
				PRODUCT_BUNDLE_IDENTIFIER = "com.IOS-design";
				PRODUCT_NAME = "$(TARGET_NAME)";
				SWIFT_EMIT_LOC_STRINGS = YES;
				SWIFT_VERSION = 5.0;
				TARGETED_DEVICE_FAMILY = "1,2";
			};
			name = Debug;
		};
		A55F43982C7D253B00324BF6 /* Release */ = {
			isa = XCBuildConfiguration;
			buildSettings = {
				ASSETCATALOG_COMPILER_APPICON_NAME = AppIcon;
				ASSETCATALOG_COMPILER_GLOBAL_ACCENT_COLOR_NAME = AccentColor;
				CODE_SIGN_STYLE = Automatic;
				CURRENT_PROJECT_VERSION = 1;
				GENERATE_INFOPLIST_FILE = YES;
				INFOPLIST_FILE = "IOS-design/Info.plist";
				INFOPLIST_KEY_UIApplicationSupportsIndirectInputEvents = YES;
				INFOPLIST_KEY_UILaunchStoryboardName = LaunchScreen;
				INFOPLIST_KEY_UIMainStoryboardFile = Main;
				INFOPLIST_KEY_UISupportedInterfaceOrientations_iPad = "UIInterfaceOrientationPortrait UIInterfaceOrientationPortraitUpsideDown UIInterfaceOrientationLandscapeLeft UIInterfaceOrientationLandscapeRight";
				INFOPLIST_KEY_UISupportedInterfaceOrientations_iPhone = "UIInterfaceOrientationPortrait UIInterfaceOrientationLandscapeLeft UIInterfaceOrientationLandscapeRight";
				LD_RUNPATH_SEARCH_PATHS = (
					"$(inherited)",
					"@executable_path/Frameworks",
				);
				MARKETING_VERSION = 1.0;
				PRODUCT_BUNDLE_IDENTIFIER = "com.IOS-design";
				PRODUCT_NAME = "$(TARGET_NAME)";
				SWIFT_EMIT_LOC_STRINGS = YES;
				SWIFT_VERSION = 5.0;
				TARGETED_DEVICE_FAMILY = "1,2";
			};
			name = Release;
		};
		A55F439A2C7D253B00324BF6 /* Debug */ = {
			isa = XCBuildConfiguration;
			buildSettings = {
				ALWAYS_EMBED_SWIFT_STANDARD_LIBRARIES = YES;
				BUNDLE_LOADER = "$(TEST_HOST)";
				CODE_SIGN_STYLE = Automatic;
				CURRENT_PROJECT_VERSION = 1;
				GENERATE_INFOPLIST_FILE = YES;
				IPHONEOS_DEPLOYMENT_TARGET = 17.5;
				MARKETING_VERSION = 1.0;
				PRODUCT_BUNDLE_IDENTIFIER = "com.IOS-designTests";
				PRODUCT_NAME = "$(TARGET_NAME)";
				SWIFT_EMIT_LOC_STRINGS = NO;
				SWIFT_VERSION = 5.0;
				TARGETED_DEVICE_FAMILY = "1,2";
				TEST_HOST = "$(BUILT_PRODUCTS_DIR)/IOS-design.app/$(BUNDLE_EXECUTABLE_FOLDER_PATH)/IOS-design";
			};
			name = Debug;
		};
		A55F439B2C7D253B00324BF6 /* Release */ = {
			isa = XCBuildConfiguration;
			buildSettings = {
				ALWAYS_EMBED_SWIFT_STANDARD_LIBRARIES = YES;
				BUNDLE_LOADER = "$(TEST_HOST)";
				CODE_SIGN_STYLE = Automatic;
				CURRENT_PROJECT_VERSION = 1;
				GENERATE_INFOPLIST_FILE = YES;
				IPHONEOS_DEPLOYMENT_TARGET = 17.5;
				MARKETING_VERSION = 1.0;
				PRODUCT_BUNDLE_IDENTIFIER = "com.IOS-designTests";
				PRODUCT_NAME = "$(TARGET_NAME)";
				SWIFT_EMIT_LOC_STRINGS = NO;
				SWIFT_VERSION = 5.0;
				TARGETED_DEVICE_FAMILY = "1,2";
				TEST_HOST = "$(BUILT_PRODUCTS_DIR)/IOS-design.app/$(BUNDLE_EXECUTABLE_FOLDER_PATH)/IOS-design";
			};
			name = Release;
		};
		A55F439D2C7D253B00324BF6 /* Debug */ = {
			isa = XCBuildConfiguration;
			buildSettings = {
				ALWAYS_EMBED_SWIFT_STANDARD_LIBRARIES = YES;
				CODE_SIGN_STYLE = Automatic;
				CURRENT_PROJECT_VERSION = 1;
				GENERATE_INFOPLIST_FILE = YES;
				MARKETING_VERSION = 1.0;
				PRODUCT_BUNDLE_IDENTIFIER = "com.IOS-designUITests";
				PRODUCT_NAME = "$(TARGET_NAME)";
				SWIFT_EMIT_LOC_STRINGS = NO;
				SWIFT_VERSION = 5.0;
				TARGETED_DEVICE_FAMILY = "1,2";
				TEST_TARGET_NAME = "IOS-design";
			};
			name = Debug;
		};
		A55F439E2C7D253B00324BF6 /* Release */ = {
			isa = XCBuildConfiguration;
			buildSettings = {
				ALWAYS_EMBED_SWIFT_STANDARD_LIBRARIES = YES;
				CODE_SIGN_STYLE = Automatic;
				CURRENT_PROJECT_VERSION = 1;
				GENERATE_INFOPLIST_FILE = YES;
				MARKETING_VERSION = 1.0;
				PRODUCT_BUNDLE_IDENTIFIER = "com.IOS-designUITests";
				PRODUCT_NAME = "$(TARGET_NAME)";
				SWIFT_EMIT_LOC_STRINGS = NO;
				SWIFT_VERSION = 5.0;
				TARGETED_DEVICE_FAMILY = "1,2";
				TEST_TARGET_NAME = "IOS-design";
			};
			name = Release;
		};
/* End XCBuildConfiguration section */

/* Begin XCConfigurationList section */
		A55F43672C7D253900324BF6 /* Build configuration list for PBXProject "IOS-design" */ = {
			isa = XCConfigurationList;
			buildConfigurations = (
				A55F43942C7D253B00324BF6 /* Debug */,
				A55F43952C7D253B00324BF6 /* Release */,
			);
			defaultConfigurationIsVisible = 0;
			defaultConfigurationName = Release;
		};
		A55F43962C7D253B00324BF6 /* Build configuration list for PBXNativeTarget "IOS-design" */ = {
			isa = XCConfigurationList;
			buildConfigurations = (
				A55F43972C7D253B00324BF6 /* Debug */,
				A55F43982C7D253B00324BF6 /* Release */,
			);
			defaultConfigurationIsVisible = 0;
			defaultConfigurationName = Release;
		};
		A55F43992C7D253B00324BF6 /* Build configuration list for PBXNativeTarget "IOS-designTests" */ = {
			isa = XCConfigurationList;
			buildConfigurations = (
				A55F439A2C7D253B00324BF6 /* Debug */,
				A55F439B2C7D253B00324BF6 /* Release */,
			);
			defaultConfigurationIsVisible = 0;
			defaultConfigurationName = Release;
		};
		A55F439C2C7D253B00324BF6 /* Build configuration list for PBXNativeTarget "IOS-designUITests" */ = {
			isa = XCConfigurationList;
			buildConfigurations = (
				A55F439D2C7D253B00324BF6 /* Debug */,
				A55F439E2C7D253B00324BF6 /* Release */,
			);
			defaultConfigurationIsVisible = 0;
			defaultConfigurationName = Release;
		};
/* End XCConfigurationList section */
	};
	rootObject = A55F43642C7D253900324BF6 /* Project object */;
}
